
Microsoft Visual Studio Solution File, Format Version 12.00
# Visual Studio Version 17
VisualStudioVersion = 17.11.35303.130
MinimumVisualStudioVersion = 10.0.40219.1
Project("{FAE04EC0-301F-11D3-BF4B-00C04F79EFBC}") = "HttpIsland", "HttpIsland.csproj", "{81FF838F-209E-447C-A4CB-C4EED927208F}"
EndProject
Global
	GlobalSection(SolutionConfigurationPlatforms) = preSolution
		Debug|Any CPU = Debug|Any CPU
		Release|Any CPU = Release|Any CPU
	EndGlobalSection
	GlobalSection(ProjectConfigurationPlatforms) = postSolution
		{81FF838F-209E-447C-A4CB-C4EED927208F}.Debug|Any CPU.ActiveCfg = Debug|Any CPU
		{81FF838F-209E-447C-A4CB-C4EED927208F}.Debug|Any CPU.Build.0 = Debug|Any CPU
		{81FF838F-209E-447C-A4CB-C4EED927208F}.Release|Any CPU.ActiveCfg = Release|Any CPU
		{81FF838F-209E-447C-A4CB-C4EED927208F}.Release|Any CPU.Build.0 = Release|Any CPU
	EndGlobalSection
	GlobalSection(SolutionProperties) = preSolution
		HideSolutionNode = FALSE
	EndGlobalSection
	GlobalSection(ExtensibilityGlobals) = postSolution
		SolutionGuid = {E503A2C5-20C0-4D8E-BA69-E3F5F8D15B16}
	EndGlobalSection
EndGlobal
